
lockfileVersion: '6.0'

settings:
  autoInstallPeers: true
  excludeLinksFromLockfile: false

dependencies:
  '@clerk/nextjs':
    specifier: ^4.27.1
    version: 4.27.1(next@14.0.2)(react-dom@18.2.0)(react@18.2.0)
  '@uiw/react-markdown-preview':
    specifier: ^4.2.2
    version: 4.2.2(@types/react@18.2.37)(react-dom@18.2.0)(react@18.2.0)
  ai:
    specifier: ^2.2.23
    version: 2.2.23(react@18.2.0)(solid-js@1.8.5)(svelte@4.2.3)(vue@3.3.8)
  classnames:
    specifier: ^2.3.2
    version: 2.3.2
  mongodb:
    specifier: ^6.2.0
    version: 6.2.0
  mongoose:
    specifier: ^8.0.1
    version: 8.0.1
  next:
    specifier: 14.0.2
    version: 14.0.2(react-dom@18.2.0)(react@18.2.0)
  next-auth:
    specifier: ^4.24.5
    version: 4.24.5(next@14.0.2)(react-dom@18.2.0)(react@18.2.0)
  openai:
    specifier: ^4.18.0
    version: 4.18.0
  react:
    specifier: ^18
    version: 18.2.0
  react-dom:
    specifier: ^18
    version: 18.2.0(react@18.2.0)
  react-icons:
    specifier: ^4.11.0
    version: 4.11.0(react@18.2.0)
  react-markdown:
    specifier: ^9.0.0
    version: 9.0.0(@types/react@18.2.37)(react@18.2.0)
  react-syntax-highlighter:
    specifier: ^15.5.0
    version: 15.5.0(react@18.2.0)
  react-typed:
    specifier: ^1.2.0
    version: 1.2.0(react-dom@18.2.0)(react@18.2.0)
  rehype-highlight:
    specifier: ^7.0.0
    version: 7.0.0
  remark-gfm:
    specifier: ^4.0.0
    version: 4.0.0
  sonner:
    specifier: ^1.2.0
    version: 1.2.0(react-dom@18.2.0)(react@18.2.0)
  uuid:
    specifier: ^9.0.1
    version: 9.0.1

devDependencies:
  '@tailwindcss/typography':
    specifier: ^0.5.10
    version: 0.5.10(tailwindcss@3.3.5)
  '@types/node':
    specifier: ^20
    version: 20.9.0
  '@types/react':
    specifier: ^18
    version: 18.2.37
  '@types/react-dom':
    specifier: ^18
    version: 18.2.15
  autoprefixer:
    specifier: ^10.0.1
    version: 10.4.16(postcss@8.4.31)
  eslint:
    specifier: ^8
    version: 8.53.0
  eslint-config-next:
    specifier: 14.0.2
    version: 14.0.2(eslint@8.53.0)(typescript@5.2.2)
  postcss:
    specifier: ^8
    version: 8.4.31
  tailwindcss:
    specifier: ^3.3.0
    version: 3.3.5
  typescript:
    specifier: ^5
    version: 5.2.2

packages:

  /@aashutoshrathi/word-wrap@1.2.6:
    resolution: {integrity: sha512-1Yjs2SvM8TflER/OD3cOjhWWOZb58A2t7wpE2S9XfBYTiIl+XFhQG2bjy4Pu1I+EAlCNUzRDYDdFwFYUKvXcIA==}
    engines: {node: '>=0.10.0'}
    dev: true

  /@alloc/quick-lru@5.2.0:
    resolution: {integrity: sha512-UrcABB+4bUrFABwbluTIBErXwvbsU/V7TZWfmbgJfbkwiBuziS9gxdODUyuiecfdGQ85jglMW6juS3+z5TsKLw==}
    engines: {node: '>=10'}
    dev: true

  /@ampproject/remapping@2.2.1:
    resolution: {integrity: sha512-lFMjJTrFL3j7L9yBxwYfCq2k6qqwHyzuUl/XBnif78PWTJYyL/dfowQHWE3sp6U6ZzqWiiIZnpTMO96zhkjwtg==}
    engines: {node: '>=6.0.0'}
    dependencies:
      '@jridgewell/gen-mapping': 0.3.3
      '@jridgewell/trace-mapping': 0.3.20
    dev: false

  /@babel/helper-string-parser@7.22.5:
    resolution: {integrity: sha512-mM4COjgZox8U+JcXQwPijIZLElkgEpO5rsERVDJTc2qfCDfERyob6k5WegS14SX18IIjv+XD+GrqNumY5JRCDw==}
    engines: {node: '>=6.9.0'}
    dev: false

  /@babel/helper-validator-identifier@7.22.20:
    resolution: {integrity: sha512-Y4OZ+ytlatR8AI+8KZfKuL5urKp7qey08ha31L8b3BwewJAoJamTzyvxPR/5D+KkdJCGPq/+8TukHBlY10FX9A==}
    engines: {node: '>=6.9.0'}
    dev: false

  /@babel/parser@7.23.3:
    resolution: {integrity: sha512-uVsWNvlVsIninV2prNz/3lHCb+5CJ+e+IUBfbjToAHODtfGYLfCFuY4AU7TskI+dAKk+njsPiBjq1gKTvZOBaw==}
    engines: {node: '>=6.0.0'}
    hasBin: true
    dependencies:
      '@babel/types': 7.23.3
    dev: false

  /@babel/runtime@7.23.2:
    resolution: {integrity: sha512-mM8eg4yl5D6i3lu2QKPuPH4FArvJ8KhTofbE7jwMUv9KX5mBvwPAqnV3MlyBNqdp9RyRKP6Yck8TrfYrPvX3bg==}
    engines: {node: '>=6.9.0'}
    dependencies:
      regenerator-runtime: 0.14.0

  /@babel/types@7.23.3:
    resolution: {integrity: sha512-OZnvoH2l8PK5eUvEcUyCt/sXgr/h+UWpVuBbOljwcrAgUl6lpchoQ++PHGyQy1AtYnVA6CEq3y5xeEI10brpXw==}
    engines: {node: '>=6.9.0'}
    dependencies:
      '@babel/helper-string-parser': 7.22.5
      '@babel/helper-validator-identifier': 7.22.20
      to-fast-properties: 2.0.0
    dev: false

  /@clerk/backend@0.34.1(react@18.2.0):
    resolution: {integrity: sha512-I6u7vb7XHA0kNek5Ez4VVqBDZKxLepR6wJXlYUy5lGwsTdaQiFwy5Q0nKP2GdQQYtlKpXSAryLu19Cq5zaaNYg==}
    engines: {node: '>=14'}
    dependencies:
      '@clerk/shared': 1.1.0(react@18.2.0)
      '@clerk/types': 3.58.0
      '@peculiar/webcrypto': 1.4.1
      '@types/node': 16.18.6
      cookie: 0.5.0
      deepmerge: 4.2.2
      node-fetch-native: 1.0.1
      snakecase-keys: 5.4.4
      tslib: 2.4.1
    transitivePeerDependencies:
      - react
    dev: false

  /@clerk/clerk-react@4.28.0(react@18.2.0):
    resolution: {integrity: sha512-zMFdiqqXkwAks1xmheUrAS6GODDdlpsCHA3VEnNVlSL0XH3bE4jWNr7lr0SJMmcaEsmZE/JQ+uNPJ4qEvEDGjA==}
    engines: {node: '>=14'}
    peerDependencies:
      react: '>=16'
    dependencies:
      '@clerk/shared': 1.1.0(react@18.2.0)
      '@clerk/types': 3.58.0
      react: 18.2.0
      tslib: 2.4.1
    dev: false

  /@clerk/clerk-sdk-node@4.12.21(react@18.2.0):
    resolution: {integrity: sha512-43MdviLlAG3naNzRyxF/Io8YYQBnFEIQiqYFVHzKzZGEsbPST9lBfeFxJZKrCqSE8K7gMx3+3D87bveXq6a7cA==}
    engines: {node: '>=14'}
    dependencies:
      '@clerk/backend': 0.34.1(react@18.2.0)
      '@clerk/shared': 1.1.0(react@18.2.0)
      '@clerk/types': 3.58.0
      '@types/cookies': 0.7.7
      '@types/express': 4.17.14
      '@types/node-fetch': 2.6.2
      camelcase-keys: 6.2.2
      snakecase-keys: 3.2.1
      tslib: 2.4.1
    transitivePeerDependencies:
      - react
    dev: false

  /@clerk/nextjs@4.27.1(next@14.0.2)(react-dom@18.2.0)(react@18.2.0):
    resolution: {integrity: sha512-FsAwVqCNNOjTC3w9mHjc/T4uP/JzGni0WTXANNXjC4sfh2kDfBzUMLRPNfcgAou5TOsMqYJdRxQ5sx4eCGQIOA==}
    engines: {node: '>=14'}
    peerDependencies:
      next: '>=10'
      react: ^17.0.2 || ^18.0.0-0
      react-dom: ^17.0.2 || ^18.0.0-0
    dependencies:
      '@clerk/backend': 0.34.1(react@18.2.0)
      '@clerk/clerk-react': 4.28.0(react@18.2.0)
      '@clerk/clerk-sdk-node': 4.12.21(react@18.2.0)
      '@clerk/shared': 1.1.0(react@18.2.0)
      '@clerk/types': 3.58.0
      next: 14.0.2(react-dom@18.2.0)(react@18.2.0)
      path-to-regexp: 6.2.1
      react: 18.2.0
      react-dom: 18.2.0(react@18.2.0)
      tslib: 2.4.1
    dev: false

  /@clerk/shared@1.1.0(react@18.2.0):
    resolution: {integrity: sha512-rxQ6bxAERZsf/dzCU35qt3gRp9+a035Vrre8j8tyT60dbP8PQhXUbeNu+oVqqjpHWeyoWWt6fZGLXbDTXdXx7g==}
    peerDependencies:
      react: '>=16'
    peerDependenciesMeta:
      react:
        optional: true
    dependencies:
      glob-to-regexp: 0.4.1
      js-cookie: 3.0.1
      react: 18.2.0
      swr: 2.2.0(react@18.2.0)
    dev: false

  /@clerk/types@3.58.0:
    resolution: {integrity: sha512-fIsvEM3nYQwViOuYxNVcwEl0WkXW6AdYpSghNBKfOge1kriSSHP++T5rRMJBXy6asl2AEydVlUBKx9drAzqKoA==}
    engines: {node: '>=14'}
    dependencies:
      csstype: 3.1.1
    dev: false

  /@eslint-community/eslint-utils@4.4.0(eslint@8.53.0):
    resolution: {integrity: sha512-1/sA4dwrzBAyeUoQ6oxahHKmrZvsnLCg4RfxW3ZFGGmQkSNQPFNLV9CUEFQP1x9EYXHTo5p6xdhZM1Ne9p/AfA==}
    engines: {node: ^12.22.0 || ^14.17.0 || >=16.0.0}
    peerDependencies:
      eslint: ^6.0.0 || ^7.0.0 || >=8.0.0
    dependencies:
      eslint: 8.53.0
      eslint-visitor-keys: 3.4.3
    dev: true

  /@eslint-community/regexpp@4.10.0:
    resolution: {integrity: sha512-Cu96Sd2By9mCNTx2iyKOmq10v22jUVQv0lQnlGNy16oE9589yE+QADPbrMGCkA51cKZSg3Pu/aTJVTGfL/qjUA==}
    engines: {node: ^12.0.0 || ^14.0.0 || >=16.0.0}
    dev: true

  /@eslint/eslintrc@2.1.3:
    resolution: {integrity: sha512-yZzuIG+jnVu6hNSzFEN07e8BxF3uAzYtQb6uDkaYZLo6oYZDCq454c5kB8zxnzfCYyP4MIuyBn10L0DqwujTmA==}
    engines: {node: ^12.22.0 || ^14.17.0 || >=16.0.0}
    dependencies:
      ajv: 6.12.6
      debug: 4.3.4
      espree: 9.6.1
      globals: 13.23.0
      ignore: 5.2.4
      import-fresh: 3.3.0
      js-yaml: 4.1.0
      minimatch: 3.1.2
      strip-json-comments: 3.1.1
    transitivePeerDependencies:
      - supports-color
    dev: true

  /@eslint/js@8.53.0:
    resolution: {integrity: sha512-Kn7K8dx/5U6+cT1yEhpX1w4PCSg0M+XyRILPgvwcEBjerFWCwQj5sbr3/VmxqV0JGHCBCzyd6LxypEuehypY1w==}
    engines: {node: ^12.22.0 || ^14.17.0 || >=16.0.0}
    dev: true

  /@humanwhocodes/config-array@0.11.13:
    resolution: {integrity: sha512-JSBDMiDKSzQVngfRjOdFXgFfklaXI4K9nLF49Auh21lmBWRLIK3+xTErTWD4KU54pb6coM6ESE7Awz/FNU3zgQ==}
    engines: {node: '>=10.10.0'}
    dependencies:
      '@humanwhocodes/object-schema': 2.0.1
      debug: 4.3.4
      minimatch: 3.1.2
    transitivePeerDependencies:
      - supports-color
    dev: true

  /@humanwhocodes/module-importer@1.0.1:
    resolution: {integrity: sha512-bxveV4V8v5Yb4ncFTT3rPSgZBOpCkjfK0y4oVVVJwIuDVBRMDXrPyXRL988i5ap9m9bnyEEjWfm5WkBmtffLfA==}
    engines: {node: '>=12.22'}
    dev: true

  /@humanwhocodes/object-schema@2.0.1:
    resolution: {integrity: sha512-dvuCeX5fC9dXgJn9t+X5atfmgQAzUOWqS1254Gh0m6i8wKd10ebXkfNKiRK+1GWi/yTvvLDHpoxLr0xxxeslWw==}
    dev: true

  /@jridgewell/gen-mapping@0.3.3:
    resolution: {integrity: sha512-HLhSWOLRi875zjjMG/r+Nv0oCW8umGb0BgEhyX3dDX3egwZtB8PqLnjz3yedt8R5StBrzcg4aBpnh8UA9D1BoQ==}
    engines: {node: '>=6.0.0'}
    dependencies:
      '@jridgewell/set-array': 1.1.2
      '@jridgewell/sourcemap-codec': 1.4.15
      '@jridgewell/trace-mapping': 0.3.20

  /@jridgewell/resolve-uri@3.1.1:
    resolution: {integrity: sha512-dSYZh7HhCDtCKm4QakX0xFpsRDqjjtZf/kjI/v3T3Nwt5r8/qz/M19F9ySyOqU94SXBmeG9ttTul+YnR4LOxFA==}
    engines: {node: '>=6.0.0'}

  /@jridgewell/set-array@1.1.2:
    resolution: {integrity: sha512-xnkseuNADM0gt2bs+BvhO0p78Mk762YnZdsuzFV018NoG1Sj1SCQvpSqa7XUaTam5vAGasABV9qXASMKnFMwMw==}
    engines: {node: '>=6.0.0'}

  /@jridgewell/sourcemap-codec@1.4.15:
    resolution: {integrity: sha512-eF2rxCRulEKXHTRiDrDy6erMYWqNw4LPdQ8UQA4huuxaQsVeRPFl2oM8oDGxMFhJUWZf9McpLtJasDDZb/Bpeg==}

  /@jridgewell/trace-mapping@0.3.20:
    resolution: {integrity: sha512-R8LcPeWZol2zR8mmH3JeKQ6QRCFb7XgUhV9ZlGhHLGyg4wpPiPZNQOOWhFZhxKw8u//yTbNGI42Bx/3paXEQ+Q==}
    dependencies:
      '@jridgewell/resolve-uri': 3.1.1
      '@jridgewell/sourcemap-codec': 1.4.15

  /@mongodb-js/saslprep@1.1.1:
    resolution: {integrity: sha512-t7c5K033joZZMspnHg/gWPE4kandgc2OxE74aYOtGKfgB9VPuVJPix0H6fhmm2erj5PBJ21mqcx34lpIGtUCsQ==}
    dependencies:
      sparse-bitfield: 3.0.3
    dev: false

  /@next/env@14.0.2:
    resolution: {integrity: sha512-HAW1sljizEaduEOes/m84oUqeIDAUYBR1CDwu2tobNlNDFP3cSm9d6QsOsGeNlIppU1p/p1+bWbYCbvwjFiceA==}
    dev: false

  /@next/eslint-plugin-next@14.0.2:
    resolution: {integrity: sha512-APrYFsXfAhnysycqxHcpg6Y4i7Ukp30GzVSZQRKT3OczbzkqGjt33vNhScmgoOXYBU1CfkwgtXmNxdiwv1jKmg==}
    dependencies:
      glob: 7.1.7
    dev: true

  /@next/swc-darwin-arm64@14.0.2:
    resolution: {integrity: sha512-i+jQY0fOb8L5gvGvojWyZMfQoQtDVB2kYe7fufOEiST6sicvzI2W5/EXo4lX5bLUjapHKe+nFxuVv7BA+Pd7LQ==}
    engines: {node: '>= 10'}
    cpu: [arm64]
    os: [darwin]
    requiresBuild: true
    dev: false
    optional: true

  /@next/swc-darwin-x64@14.0.2:
    resolution: {integrity: sha512-zRCAO0d2hW6gBEa4wJaLn+gY8qtIqD3gYd9NjruuN98OCI6YyelmhWVVLlREjS7RYrm9OUQIp/iVJFeB6kP1hg==}
    engines: {node: '>= 10'}
    cpu: [x64]
    os: [darwin]
    requiresBuild: true
    dev: false
    optional: true

  /@next/swc-linux-arm64-gnu@14.0.2:
    resolution: {integrity: sha512-tSJmiaon8YaKsVhi7GgRizZoV0N1Sx5+i+hFTrCKKQN7s3tuqW0Rov+RYdPhAv/pJl4qiG+XfSX4eJXqpNg3dA==}
    engines: {node: '>= 10'}
    cpu: [arm64]
    os: [linux]
    requiresBuild: true
    dev: false
    optional: true

  /@next/swc-linux-arm64-musl@14.0.2:
    resolution: {integrity: sha512-dXJLMSEOwqJKcag1BeX1C+ekdPPJ9yXbWIt3nAadhbLx5CjACoB2NQj9Xcqu2tmdr5L6m34fR+fjGPs+ZVPLzA==}
    engines: {node: '>= 10'}
    cpu: [arm64]
    os: [linux]
    requiresBuild: true
    dev: false
    optional: true

  /@next/swc-linux-x64-gnu@14.0.2:
    resolution: {integrity: sha512-WC9KAPSowj6as76P3vf1J3mf2QTm3Wv3FBzQi7UJ+dxWjK3MhHVWsWUo24AnmHx9qDcEtHM58okgZkXVqeLB+Q==}
    engines: {node: '>= 10'}
    cpu: [x64]
    os: [linux]
    requiresBuild: true
    dev: false
    optional: true

  /@next/swc-linux-x64-musl@14.0.2:
    resolution: {integrity: sha512-KSSAwvUcjtdZY4zJFa2f5VNJIwuEVnOSlqYqbQIawREJA+gUI6egeiRu290pXioQXnQHYYdXmnVNZ4M+VMB7KQ==}
    engines: {node: '>= 10'}
    cpu: [x64]
    os: [linux]
    requiresBuild: true
    dev: false
    optional: true

  /@next/swc-win32-arm64-msvc@14.0.2:
    resolution: {integrity: sha512-2/O0F1SqJ0bD3zqNuYge0ok7OEWCQwk55RPheDYD0va5ij7kYwrFkq5ycCRN0TLjLfxSF6xI5NM6nC5ux7svEQ==}
    engines: {node: '>= 10'}
    cpu: [arm64]
    os: [win32]
    requiresBuild: true
    dev: false
    optional: true

  /@next/swc-win32-ia32-msvc@14.0.2:
    resolution: {integrity: sha512-vJI/x70Id0oN4Bq/R6byBqV1/NS5Dl31zC+lowO8SDu1fHmUxoAdILZR5X/sKbiJpuvKcCrwbYgJU8FF/Gh50Q==}
    engines: {node: '>= 10'}
    cpu: [ia32]
    os: [win32]
    requiresBuild: true
    dev: false
    optional: true

  /@next/swc-win32-x64-msvc@14.0.2:
    resolution: {integrity: sha512-Ut4LXIUvC5m8pHTe2j0vq/YDnTEyq6RSR9vHYPqnELrDapPhLNz9Od/L5Ow3J8RNDWpEnfCiQXuVdfjlNEJ7ug==}
    engines: {node: '>= 10'}
    cpu: [x64]
    os: [win32]
    requiresBuild: true
    dev: false
    optional: true

  /@nodelib/fs.scandir@2.1.5:
    resolution: {integrity: sha512-vq24Bq3ym5HEQm2NKCr3yXDwjc7vTsEThRDnkp2DK9p1uqLR+DHurm/NOTo0KG7HYHU7eppKZj3MyqYuMBf62g==}
    engines: {node: '>= 8'}
    dependencies:
      '@nodelib/fs.stat': 2.0.5
      run-parallel: 1.2.0
    dev: true

  /@nodelib/fs.stat@2.0.5:
    resolution: {integrity: sha512-RkhPPp2zrqDAQA/2jNhnztcPAlv64XdhIp7a7454A5ovI7Bukxgt7MX7udwAu3zg1DcpPU0rz3VV1SeaqvY4+A==}
    engines: {node: '>= 8'}
    dev: true

  /@nodelib/fs.walk@1.2.8:
    resolution: {integrity: sha512-oGB+UxlgWcgQkgwo8GcEGwemoTFt3FIO9ababBmaGwXIoBKZ+GTy0pP185beGg7Llih/NSHSV2XAs1lnznocSg==}
    engines: {node: '>= 8'}
    dependencies:
      '@nodelib/fs.scandir': 2.1.5
      fastq: 1.15.0
    dev: true

  /@panva/hkdf@1.1.1:
    resolution: {integrity: sha512-dhPeilub1NuIG0X5Kvhh9lH4iW3ZsHlnzwgwbOlgwQ2wG1IqFzsgHqmKPk3WzsdWAeaxKJxgM0+W433RmN45GA==}
    dev: false

  /@peculiar/asn1-schema@2.3.8:
    resolution: {integrity: sha512-ULB1XqHKx1WBU/tTFIA+uARuRoBVZ4pNdOA878RDrRbBfBGcSzi5HBkdScC6ZbHn8z7L8gmKCgPC1LHRrP46tA==}
    dependencies:
      asn1js: 3.0.5
      pvtsutils: 1.3.5
      tslib: 2.6.2
    dev: false

  /@peculiar/json-schema@1.1.12:
    resolution: {integrity: sha512-coUfuoMeIB7B8/NMekxaDzLhaYmp0HZNPEjYRm9goRou8UZIC3z21s0sL9AWoCw4EG876QyO3kYrc61WNF9B/w==}
    engines: {node: '>=8.0.0'}
    dependencies:
      tslib: 2.6.2
    dev: false

  /@peculiar/webcrypto@1.4.1:
    resolution: {integrity: sha512-eK4C6WTNYxoI7JOabMoZICiyqRRtJB220bh0Mbj5RwRycleZf9BPyZoxsTvpP0FpmVS2aS13NKOuh5/tN3sIRw==}
    engines: {node: '>=10.12.0'}
    dependencies:
      '@peculiar/asn1-schema': 2.3.8
      '@peculiar/json-schema': 1.1.12
      pvtsutils: 1.3.5
      tslib: 2.6.2
      webcrypto-core: 1.7.7
    dev: false

  /@rushstack/eslint-patch@1.5.1:
    resolution: {integrity: sha512-6i/8UoL0P5y4leBIGzvkZdS85RDMG9y1ihZzmTZQ5LdHUYmZ7pKFoj8X0236s3lusPs1Fa5HTQUpwI+UfTcmeA==}
    dev: true

  /@swc/helpers@0.5.2:
    resolution: {integrity: sha512-E4KcWTpoLHqwPHLxidpOqQbcrZVgi0rsmmZXUle1jXmJfuIf/UWpczUJ7MZZ5tlxytgJXyp0w4PGkkeLiuIdZw==}
    dependencies:
      tslib: 2.6.2
    dev: false

  /@tailwindcss/typography@0.5.10(tailwindcss@3.3.5):
    resolution: {integrity: sha512-Pe8BuPJQJd3FfRnm6H0ulKIGoMEQS+Vq01R6M5aCrFB/ccR/shT+0kXLjouGC1gFLm9hopTFN+DMP0pfwRWzPw==}
    peerDependencies:
      tailwindcss: '>=3.0.0 || insiders'
    dependencies:
      lodash.castarray: 4.4.0
      lodash.isplainobject: 4.0.6
      lodash.merge: 4.6.2
      postcss-selector-parser: 6.0.10
      tailwindcss: 3.3.5
    dev: true

  /@types/body-parser@1.19.5:
    resolution: {integrity: sha512-fB3Zu92ucau0iQ0JMCFQE7b/dv8Ot07NI3KaZIkIUNXq82k4eBAqUaneXfleGY9JWskeS9y+u0nXMyspcuQrCg==}
    dependencies:
      '@types/connect': 3.4.38
      '@types/node': 20.9.0
    dev: false

  /@types/connect@3.4.38:
    resolution: {integrity: sha512-K6uROf1LD88uDQqJCktA4yzL1YYAK6NgfsI0v/mTgyPKWsX1CnJ0XPSDhViejru1GcRkLWb8RlzFYJRqGUbaug==}
    dependencies:
      '@types/node': 20.9.0
    dev: false

  /@types/cookies@0.7.7:
    resolution: {integrity: sha512-h7BcvPUogWbKCzBR2lY4oqaZbO3jXZksexYJVFvkrFeLgbZjQkU4x8pRq6eg2MHXQhY0McQdqmmsxRWlVAHooA==}
    dependencies:
      '@types/connect': 3.4.38
      '@types/express': 4.17.14
      '@types/keygrip': 1.0.5
      '@types/node': 20.9.0
    dev: false

  /@types/debug@4.1.12:
    resolution: {integrity: sha512-vIChWdVG3LG1SMxEvI/AK+FWJthlrqlTu7fbrlywTkkaONwk/UAGaULXRlf8vkzFBLVm0zkMdCquhL5aOjhXPQ==}
    dependencies:
      '@types/ms': 0.7.34
    dev: false

  /@types/estree@1.0.5:
    resolution: {integrity: sha512-/kYRxGDLWzHOB7q+wtSUQlFrtcdUccpfy+X+9iMBpHK8QLLhx2wIPYuS5DYtR9Wa/YlZAbIovy7qVdB1Aq6Lyw==}
    dev: false

  /@types/express-serve-static-core@4.17.41:
    resolution: {integrity: sha512-OaJ7XLaelTgrvlZD8/aa0vvvxZdUmlCn6MtWeB7TkiKW70BQLc9XEPpDLPdbo52ZhXUCrznlWdCHWxJWtdyajA==}
    dependencies:
      '@types/node': 20.9.0
      '@types/qs': 6.9.10
      '@types/range-parser': 1.2.7
      '@types/send': 0.17.4
    dev: false

  /@types/express@4.17.14:
    resolution: {integrity: sha512-TEbt+vaPFQ+xpxFLFssxUDXj5cWCxZJjIcB7Yg0k0GMHGtgtQgpvx/MUQUeAkNbA9AAGrwkAsoeItdTgS7FMyg==}
    dependencies:
      '@types/body-parser': 1.19.5
      '@types/express-serve-static-core': 4.17.41
      '@types/qs': 6.9.10
      '@types/serve-static': 1.15.5
    dev: false

  /@types/hast@2.3.8:
    resolution: {integrity: sha512-aMIqAlFd2wTIDZuvLbhUT+TGvMxrNC8ECUIVtH6xxy0sQLs3iu6NO8Kp/VT5je7i5ufnebXzdV1dNDMnvaH6IQ==}
    dependencies:
      '@types/unist': 2.0.10
    dev: false

  /@types/hast@3.0.3:
    resolution: {integrity: sha512-2fYGlaDy/qyLlhidX42wAH0KBi2TCjKMH8CHmBXgRlJ3Y+OXTiqsPQ6IWarZKwF1JoUcAJdPogv1d4b0COTpmQ==}
    dependencies:
      '@types/unist': 3.0.2
    dev: false

  /@types/http-errors@2.0.4:
    resolution: {integrity: sha512-D0CFMMtydbJAegzOyHjtiKPLlvnm3iTZyZRSZoLq2mRhDdmLfIWOCYPfQJ4cu2erKghU++QvjcUjp/5h7hESpA==}
    dev: false

  /@types/json5@0.0.29:
    resolution: {integrity: sha512-dRLjCWHYg4oaA77cxO64oO+7JwCwnIzkZPdrrC71jQmQtlhM556pwKo5bUzqvZndkVbeFLIIi+9TC40JNF5hNQ==}
    dev: true

  /@types/keygrip@1.0.5:
    resolution: {integrity: sha512-M+BUYYOXgiYoab5L98VpOY1PzmDwWcTkqqu4mdluez5qOTDV0MVPChxhRIPeIFxQgSi3+6qjg1PnGFaGlW373g==}
    dev: false

  /@types/mdast@3.0.15:
    resolution: {integrity: sha512-LnwD+mUEfxWMa1QpDraczIn6k0Ee3SMicuYSSzS6ZYl2gKS09EClnJYGd8Du6rfc5r/GZEk5o1mRb8TaTj03sQ==}
    dependencies:
      '@types/unist': 2.0.10
    dev: false

  /@types/mdast@4.0.3:
    resolution: {integrity: sha512-LsjtqsyF+d2/yFOYaN22dHZI1Cpwkrj+g06G8+qtUKlhovPW89YhqSnfKtMbkgmEtYpH2gydRNULd6y8mciAFg==}
    dependencies:
      '@types/unist': 3.0.2
    dev: false

  /@types/mime@1.3.5:
    resolution: {integrity: sha512-/pyBZWSLD2n0dcHE3hq8s8ZvcETHtEuF+3E7XVt0Ig2nvsVQXdghHVcEkIWjy9A0wKfTn97a/PSDYohKIlnP/w==}
    dev: false

  /@types/mime@3.0.4:
    resolution: {integrity: sha512-iJt33IQnVRkqeqC7PzBHPTC6fDlRNRW8vjrgqtScAhrmMwe8c4Eo7+fUGTa+XdWrpEgpyKWMYmi2dIwMAYRzPw==}
    dev: false

  /@types/ms@0.7.34:
    resolution: {integrity: sha512-nG96G3Wp6acyAgJqGasjODb+acrI7KltPiRxzHPXnP3NgI28bpQDRv53olbqGXbfcgF5aiiHmO3xpwEpS5Ld9g==}
    dev: false

  /@types/node-fetch@2.6.2:
    resolution: {integrity: sha512-DHqhlq5jeESLy19TYhLakJ07kNumXWjcDdxXsLUMJZ6ue8VZJj4kLPQVE/2mdHh3xZziNF1xppu5lwmS53HR+A==}
    dependencies:
      '@types/node': 20.9.0
      form-data: 3.0.1
    dev: false

  /@types/node-fetch@2.6.9:
    resolution: {integrity: sha512-bQVlnMLFJ2d35DkPNjEPmd9ueO/rh5EiaZt2bhqiSarPjZIuIV6bPQVqcrEyvNo+AfTrRGVazle1tl597w3gfA==}
    dependencies:
      '@types/node': 20.9.0
      form-data: 4.0.0
    dev: false

  /@types/node@16.18.6:
    resolution: {integrity: sha512-vmYJF0REqDyyU0gviezF/KHq/fYaUbFhkcNbQCuPGFQj6VTbXuHZoxs/Y7mutWe73C8AC6l9fFu8mSYiBAqkGA==}
    dev: false

  /@types/node@18.18.9:
    resolution: {integrity: sha512-0f5klcuImLnG4Qreu9hPj/rEfFq6YRc5n2mAjSsH+ec/mJL+3voBH0+8T7o8RpFjH7ovc+TRsL/c7OYIQsPTfQ==}
    dependencies:
      undici-types: 5.26.5
    dev: false

  /@types/node@20.9.0:
    resolution: {integrity: sha512-nekiGu2NDb1BcVofVcEKMIwzlx4NjHlcjhoxxKBNLtz15Y1z7MYf549DFvkHSId02Ax6kGwWntIBPC3l/JZcmw==}
    dependencies:
      undici-types: 5.26.5

  /@types/parse5@6.0.3:
    resolution: {integrity: sha512-SuT16Q1K51EAVPz1K29DJ/sXjhSQ0zjvsypYJ6tlwVsRV9jwW5Adq2ch8Dq8kDBCkYnELS7N7VNCSB5nC56t/g==}
    dev: false

  /@types/prismjs@1.26.3:
    resolution: {integrity: sha512-A0D0aTXvjlqJ5ZILMz3rNfDBOx9hHxLZYv2by47Sm/pqW35zzjusrZTryatjN/Rf8Us2gZrJD+KeHbUSTux1Cw==}
    dev: false

  /@types/prop-types@15.7.10:
    resolution: {integrity: sha512-mxSnDQxPqsZxmeShFH+uwQ4kO4gcJcGahjjMFeLbKE95IAZiiZyiEepGZjtXJ7hN/yfu0bu9xN2ajcU0JcxX6A==}

  /@types/qs@6.9.10:
    resolution: {integrity: sha512-3Gnx08Ns1sEoCrWssEgTSJs/rsT2vhGP+Ja9cnnk9k4ALxinORlQneLXFeFKOTJMOeZUFD1s7w+w2AphTpvzZw==}
    dev: false

  /@types/range-parser@1.2.7:
    resolution: {integrity: sha512-hKormJbkJqzQGhziax5PItDUTMAM9uE2XXQmM37dyd4hVM+5aVl7oVxMVUiVQn2oCQFN/LKCZdvSM0pFRqbSmQ==}
    dev: false

  /@types/react-dom@18.2.15:
    resolution: {integrity: sha512-HWMdW+7r7MR5+PZqJF6YFNSCtjz1T0dsvo/f1BV6HkV+6erD/nA7wd9NM00KVG83zf2nJ7uATPO9ttdIPvi3gg==}
    dependencies:
      '@types/react': 18.2.37
    dev: true

  /@types/react@18.2.37:
    resolution: {integrity: sha512-RGAYMi2bhRgEXT3f4B92WTohopH6bIXw05FuGlmJEnv/omEn190+QYEIYxIAuIBdKgboYYdVved2p1AxZVQnaw==}
    dependencies:
      '@types/prop-types': 15.7.10
      '@types/scheduler': 0.16.6
      csstype: 3.1.2

  /@types/scheduler@0.16.6:
    resolution: {integrity: sha512-Vlktnchmkylvc9SnwwwozTv04L/e1NykF5vgoQ0XTmI8DD+wxfjQuHuvHS3p0r2jz2x2ghPs2h1FVeDirIteWA==}

  /@types/send@0.17.4:
    resolution: {integrity: sha512-x2EM6TJOybec7c52BX0ZspPodMsQUd5L6PRwOunVyVUhXiBSKf3AezDL8Dgvgt5o0UfKNfuA0eMLr2wLT4AiBA==}
    dependencies:
      '@types/mime': 1.3.5
      '@types/node': 20.9.0
    dev: false

  /@types/serve-static@1.15.5:
    resolution: {integrity: sha512-PDRk21MnK70hja/YF8AHfC7yIsiQHn1rcXx7ijCFBX/k+XQJhQT/gw3xekXKJvx+5SXaMMS8oqQy09Mzvz2TuQ==}
    dependencies:
      '@types/http-errors': 2.0.4
      '@types/mime': 3.0.4
      '@types/node': 20.9.0
    dev: false

  /@types/unist@2.0.10:
    resolution: {integrity: sha512-IfYcSBWE3hLpBg8+X2SEa8LVkJdJEkT2Ese2aaLs3ptGdVtABxndrMaxuFlQ1qdFf9Q5rDvDpxI3WwgvKFAsQA==}
    dev: false

  /@types/unist@3.0.2:
    resolution: {integrity: sha512-dqId9J8K/vGi5Zr7oo212BGii5m3q5Hxlkwy3WpYuKPklmBEvsbMYYyLxAQpSffdLl/gdW0XUpKWFvYmyoWCoQ==}
    dev: false

  /@types/webidl-conversions@7.0.3:
    resolution: {integrity: sha512-CiJJvcRtIgzadHCYXw7dqEnMNRjhGZlYK05Mj9OyktqV8uVT8fD2BFOB7S1uwBE3Kj2Z+4UyPmFw/Ixgw/LAlA==}
    dev: false

  /@types/whatwg-url@8.2.2:
    resolution: {integrity: sha512-FtQu10RWgn3D9U4aazdwIE2yzphmTJREDqNdODHrbrZmmMqI0vMheC/6NE/J1Yveaj8H+ela+YwWTjq5PGmuhA==}
    dependencies:
      '@types/node': 20.9.0
      '@types/webidl-conversions': 7.0.3
    dev: false

  /@typescript-eslint/parser@6.10.0(eslint@8.53.0)(typescript@5.2.2):
    resolution: {integrity: sha512-+sZwIj+s+io9ozSxIWbNB5873OSdfeBEH/FR0re14WLI6BaKuSOnnwCJ2foUiu8uXf4dRp1UqHP0vrZ1zXGrog==}
    engines: {node: ^16.0.0 || >=18.0.0}
    peerDependencies:
      eslint: ^7.0.0 || ^8.0.0
      typescript: '*'
    peerDependenciesMeta:
      typescript:
        optional: true
    dependencies:
      '@typescript-eslint/scope-manager': 6.10.0
      '@typescript-eslint/types': 6.10.0
      '@typescript-eslint/typescript-estree': 6.10.0(typescript@5.2.2)
      '@typescript-eslint/visitor-keys': 6.10.0
      debug: 4.3.4
      eslint: 8.53.0
      typescript: 5.2.2
    transitivePeerDependencies:
      - supports-color
    dev: true

  /@typescript-eslint/scope-manager@6.10.0:
    resolution: {integrity: sha512-TN/plV7dzqqC2iPNf1KrxozDgZs53Gfgg5ZHyw8erd6jd5Ta/JIEcdCheXFt9b1NYb93a1wmIIVW/2gLkombDg==}
    engines: {node: ^16.0.0 || >=18.0.0}
    dependencies:
      '@typescript-eslint/types': 6.10.0
      '@typescript-eslint/visitor-keys': 6.10.0
    dev: true

  /@typescript-eslint/types@6.10.0:
    resolution: {integrity: sha512-36Fq1PWh9dusgo3vH7qmQAj5/AZqARky1Wi6WpINxB6SkQdY5vQoT2/7rW7uBIsPDcvvGCLi4r10p0OJ7ITAeg==}
    engines: {node: ^16.0.0 || >=18.0.0}
    dev: true

  /@typescript-eslint/typescript-estree@6.10.0(typescript@5.2.2):
    resolution: {integrity: sha512-ek0Eyuy6P15LJVeghbWhSrBCj/vJpPXXR+EpaRZqou7achUWL8IdYnMSC5WHAeTWswYQuP2hAZgij/bC9fanBg==}
    engines: {node: ^16.0.0 || >=18.0.0}
    peerDependencies:
      typescript: '*'
    peerDependenciesMeta:
      typescript:
        optional: true
    dependencies:
      '@typescript-eslint/types': 6.10.0
      '@typescript-eslint/visitor-keys': 6.10.0
      debug: 4.3.4
      globby: 11.1.0
      is-glob: 4.0.3
      semver: 7.5.4
      ts-api-utils: 1.0.3(typescript@5.2.2)
      typescript: 5.2.2
    transitivePeerDependencies:
      - supports-color
    dev: true

  /@typescript-eslint/visitor-keys@6.10.0:
    resolution: {integrity: sha512-xMGluxQIEtOM7bqFCo+rCMh5fqI+ZxV5RUUOa29iVPz1OgCZrtc7rFnz5cLUazlkPKYqX+75iuDq7m0HQ48nCg==}
    engines: {node: ^16.0.0 || >=18.0.0}
    dependencies:
      '@typescript-eslint/types': 6.10.0
      eslint-visitor-keys: 3.4.3
    dev: true

  /@uiw/copy-to-clipboard@1.0.16:
    resolution: {integrity: sha512-IXR+N363nLTR3ilklmM+B0nk774jVE/muOrBYt4Rdww/Pf3uP9XHyv2x6YZrbDh29F7w9BkzQyB8QF6WDShmJA==}
    dev: false

  /@uiw/react-markdown-preview@4.2.2(@types/react@18.2.37)(react-dom@18.2.0)(react@18.2.0):
    resolution: {integrity: sha512-Jy3GtAqcF2pKgvFtgLUEwR8u2t0Yk/DAnLTl6cf1RzhNYcAxm1auDs3KndZRBDP01xhmYLX4KiOcOg/qv+Jc0A==}
    peerDependencies:
      react: '>=16.8.0'
      react-dom: '>=16.8.0'
    dependencies:
      '@babel/runtime': 7.23.2
      '@uiw/copy-to-clipboard': 1.0.16
      react: 18.2.0
      react-dom: 18.2.0(react@18.2.0)
      react-markdown: 8.0.7(@types/react@18.2.37)(react@18.2.0)
      rehype-attr: 2.1.4
      rehype-autolink-headings: 6.1.1
      rehype-ignore: 1.0.5
      rehype-prism-plus: 1.6.3
      rehype-raw: 6.1.1
      rehype-rewrite: 3.0.6
      rehype-slug: 5.1.0
      remark-gfm: 3.0.1
      unist-util-visit: 4.1.2
    transitivePeerDependencies:
      - '@types/react'
      - supports-color
    dev: false

  /@ungap/structured-clone@1.2.0:
    resolution: {integrity: sha512-zuVdFrMJiuCDQUMCzQaD6KL28MjnqqN8XnAqiEq9PNm/hCPTSGfrXCOfwj1ow4LFb/tNymJPwsNbVePc1xFqrQ==}

  /@vue/compiler-core@3.3.8:
    resolution: {integrity: sha512-hN/NNBUECw8SusQvDSqqcVv6gWq8L6iAktUR0UF3vGu2OhzRqcOiAno0FmBJWwxhYEXRlQJT5XnoKsVq1WZx4g==}
    dependencies:
      '@babel/parser': 7.23.3
      '@vue/shared': 3.3.8
      estree-walker: 2.0.2
      source-map-js: 1.0.2
    dev: false

  /@vue/compiler-dom@3.3.8:
    resolution: {integrity: sha512-+PPtv+p/nWDd0AvJu3w8HS0RIm/C6VGBIRe24b9hSyNWOAPEUosFZ5diwawwP8ip5sJ8n0Pe87TNNNHnvjs0FQ==}
    dependencies:
      '@vue/compiler-core': 3.3.8
      '@vue/shared': 3.3.8
    dev: false

  /@vue/compiler-sfc@3.3.8:
    resolution: {integrity: sha512-WMzbUrlTjfYF8joyT84HfwwXo+8WPALuPxhy+BZ6R4Aafls+jDBnSz8PDz60uFhuqFbl3HxRfxvDzrUf3THwpA==}
    dependencies:
      '@babel/parser': 7.23.3
      '@vue/compiler-core': 3.3.8
      '@vue/compiler-dom': 3.3.8
      '@vue/compiler-ssr': 3.3.8
      '@vue/reactivity-transform': 3.3.8
      '@vue/shared': 3.3.8
      estree-walker: 2.0.2
      magic-string: 0.30.5
      postcss: 8.4.31
      source-map-js: 1.0.2
    dev: false

  /@vue/compiler-ssr@3.3.8:
    resolution: {integrity: sha512-hXCqQL/15kMVDBuoBYpUnSYT8doDNwsjvm3jTefnXr+ytn294ySnT8NlsFHmTgKNjwpuFy7XVV8yTeLtNl/P6w==}
    dependencies:
      '@vue/compiler-dom': 3.3.8
      '@vue/shared': 3.3.8
    dev: false

  /@vue/reactivity-transform@3.3.8:
    resolution: {integrity: sha512-49CvBzmZNtcHua0XJ7GdGifM8GOXoUMOX4dD40Y5DxI3R8OUhMlvf2nvgUAcPxaXiV5MQQ1Nwy09ADpnLQUqRw==}
    dependencies:
      '@babel/parser': 7.23.3
      '@vue/compiler-core': 3.3.8
      '@vue/shared': 3.3.8
      estree-walker: 2.0.2
      magic-string: 0.30.5
    dev: false

  /@vue/reactivity@3.3.8:
    resolution: {integrity: sha512-ctLWitmFBu6mtddPyOKpHg8+5ahouoTCRtmAHZAXmolDtuZXfjL2T3OJ6DL6ezBPQB1SmMnpzjiWjCiMYmpIuw==}
    dependencies:
      '@vue/shared': 3.3.8
    dev: false

  /@vue/runtime-core@3.3.8:
    resolution: {integrity: sha512-qurzOlb6q26KWQ/8IShHkMDOuJkQnQcTIp1sdP4I9MbCf9FJeGVRXJFr2mF+6bXh/3Zjr9TDgURXrsCr9bfjUw==}
    dependencies:
      '@vue/reactivity': 3.3.8
      '@vue/shared': 3.3.8
    dev: false

  /@vue/runtime-dom@3.3.8:
    resolution: {integrity: sha512-Noy5yM5UIf9UeFoowBVgghyGGPIDPy1Qlqt0yVsUdAVbqI8eeMSsTqBtauaEoT2UFXUk5S64aWVNJN4MJ2vRdA==}
    dependencies:
      '@vue/runtime-core': 3.3.8
      '@vue/shared': 3.3.8
      csstype: 3.1.2
    dev: false

  /@vue/server-renderer@3.3.8(vue@3.3.8):
    resolution: {integrity: sha512-zVCUw7RFskvPuNlPn/8xISbrf0zTWsTSdYTsUTN1ERGGZGVnRxM2QZ3x1OR32+vwkkCm0IW6HmJ49IsPm7ilLg==}
    peerDependencies:
      vue: 3.3.8
    dependencies:
      '@vue/compiler-ssr': 3.3.8
      '@vue/shared': 3.3.8
      vue: 3.3.8(typescript@5.2.2)
    dev: false

  /@vue/shared@3.3.8:
    resolution: {integrity: sha512-8PGwybFwM4x8pcfgqEQFy70NaQxASvOC5DJwLQfpArw1UDfUXrJkdxD3BhVTMS+0Lef/TU7YO0Jvr0jJY8T+mw==}
    dev: false

  /abort-controller@3.0.0:
    resolution: {integrity: sha512-h8lQ8tacZYnR3vNQTgibj+tODHI5/+l06Au2Pcriv/Gmet0eaj4TwWH41sO9wnHDiQsEj19q0drzdWdeAHtweg==}
    engines: {node: '>=6.5'}
    dependencies:
      event-target-shim: 5.0.1
    dev: false

  /acorn-jsx@5.3.2(acorn@8.11.2):
    resolution: {integrity: sha512-rq9s+JNhf0IChjtDXxllJ7g41oZk5SlXtp0LHwyA5cejwn7vKmKp4pPri6YEePv2PU65sAsegbXtIinmDFDXgQ==}
    peerDependencies:
      acorn: ^6.0.0 || ^7.0.0 || ^8.0.0
    dependencies:
      acorn: 8.11.2
    dev: true

  /acorn@8.11.2:
    resolution: {integrity: sha512-nc0Axzp/0FILLEVsm4fNwLCwMttvhEI263QtVPQcbpfZZ3ts0hLsZGOpE6czNlid7CJ9MlyH8reXkpsf3YUY4w==}
    engines: {node: '>=0.4.0'}
    hasBin: true

  /agentkeepalive@4.5.0:
    resolution: {integrity: sha512-5GG/5IbQQpC9FpkRGsSvZI5QYeSCzlJHdpBQntCsuTOxhKD8lqKhrleg2Yi7yvMIf82Ycmmqln9U8V9qwEiJew==}
    engines: {node: '>= 8.0.0'}
    dependencies:
      humanize-ms: 1.2.1
    dev: false

  /ai@2.2.23(react@18.2.0)(solid-js@1.8.5)(svelte@4.2.3)(vue@3.3.8):
    resolution: {integrity: sha512-pToIoSX7mXy7t8+D8xN6OjlEvtufbY5fPDzoSzf3zR/Z2ajw1rE6d9hOFyKSZ+ZTNdZ1xklabWf21qj2gP1REA==}
    engines: {node: '>=14.6'}
    peerDependencies:
      react: ^18.2.0
      solid-js: ^1.7.7
      svelte: ^3.0.0 || ^4.0.0
      vue: ^3.3.4
    peerDependenciesMeta:
      react:
        optional: true
      solid-js:
        optional: true
      svelte:
        optional: true
      vue:
        optional: true
    dependencies:
      eventsource-parser: 1.0.0
      nanoid: 3.3.6
      react: 18.2.0
      solid-js: 1.8.5
      solid-swr-store: 0.10.7(solid-js@1.8.5)(swr-store@0.10.6)
      sswr: 2.0.0(svelte@4.2.3)
      svelte: 4.2.3
      swr: 2.2.0(react@18.2.0)
      swr-store: 0.10.6
      swrv: 1.0.4(vue@3.3.8)
      vue: 3.3.8(typescript@5.2.2)
    dev: false

  /ajv@6.12.6:
    resolution: {integrity: sha512-j3fVLgvTo527anyYyJOGTYJbG+vnnQYvE0m5mmkc1TK+nxAppkCLMIL0aZ4dblVCNoGShhm+kzE4ZUykBoMg4g==}
    dependencies:
      fast-deep-equal: 3.1.3
      fast-json-stable-stringify: 2.1.0
      json-schema-traverse: 0.4.1
      uri-js: 4.4.1
    dev: true

  /ansi-regex@5.0.1:
    resolution: {integrity: sha512-quJQXlTSUGL2LH9SUXo8VwsY4soanhgo6LNSm84E1LBcE8s3O0wpdiRzyR9z/ZZJMlMWv37qOOb9pdJlMUEKFQ==}
    engines: {node: '>=8'}
    dev: true

  /ansi-styles@4.3.0:
    resolution: {integrity: sha512-zbB9rCJAT1rbjiVDb2hqKFHNYLxgtk8NURxZ3IZwD3F6NtxbXZQCnnSi1Lkx+IDohdPlFp222wVALIheZJQSEg==}
    engines: {node: '>=8'}
    dependencies:
      color-convert: 2.0.1
    dev: true

  /any-promise@1.3.0:
    resolution: {integrity: sha512-7UvmKalWRt1wgjL1RrGxoSJW/0QZFIegpeGvZG9kjp8vrRu55XTHbwnqq2GpXm9uLbcuhxm3IqX9OB4MZR1b2A==}
    dev: true

  /anymatch@3.1.3:
    resolution: {integrity: sha512-KMReFUr0B4t+D+OBkjR3KYqvocp2XaSzO55UcB6mgQMd3KbcE+mWTyvVV7D/zsdEbNnV6acZUutkiHQXvTr1Rw==}
    engines: {node: '>= 8'}
    dependencies:
      normalize-path: 3.0.0
      picomatch: 2.3.1
    dev: true

  /arg@5.0.2:
    resolution: {integrity: sha512-PYjyFOLKQ9y57JvQ6QLo8dAgNqswh8M1RMJYdQduT6xbWSgK36P/Z/v+p888pM69jMMfS8Xd8F6I1kQ/I9HUGg==}
    dev: true

  /argparse@2.0.1:
    resolution: {integrity: sha512-8+9WqebbFzpX9OR+Wa6O29asIogeRMzcGtAINdpMHHyAg10f05aSFVBbcEqGf/PXw1EjAZ+q2/bEBg3DvurK3Q==}
    dev: true

  /aria-query@5.3.0:
    resolution: {integrity: sha512-b0P0sZPKtyu8HkeRAfCq0IfURZK+SuwMjY1UXGBU27wpAiTwQAIlq56IbIO+ytk/JjS1fMR14ee5WBBfKi5J6A==}
    dependencies:
      dequal: 2.0.3

  /array-buffer-byte-length@1.0.0:
    resolution: {integrity: sha512-LPuwb2P+NrQw3XhxGc36+XSvuBPopovXYTR9Ew++Du9Yb/bx5AzBfrIsBoj0EZUifjQU+sHL21sseZ3jerWO/A==}
    dependencies:
      call-bind: 1.0.5
      is-array-buffer: 3.0.2
    dev: true

  /array-includes@3.1.7:
    resolution: {integrity: sha512-dlcsNBIiWhPkHdOEEKnehA+RNUWDc4UqFtnIXU4uuYDPtA4LDkr7qip2p0VvFAEXNDr0yWZ9PJyIRiGjRLQzwQ==}
    engines: {node: '>= 0.4'}
    dependencies:
      call-bind: 1.0.5
      define-properties: 1.2.1
      es-abstract: 1.22.3
      get-intrinsic: 1.2.2
      is-string: 1.0.7
    dev: true

  /array-union@2.1.0:
    resolution: {integrity: sha512-HGyxoOTYUyCM6stUe6EJgnd4EoewAI7zMdfqO+kGjnlZmBDz/cR5pf8r/cR4Wq60sL/p0IkcjUEEPwS3GFrIyw==}
    engines: {node: '>=8'}
    dev: true

  /array.prototype.findlastindex@1.2.3:
    resolution: {integrity: sha512-LzLoiOMAxvy+Gd3BAq3B7VeIgPdo+Q8hthvKtXybMvRV0jrXfJM/t8mw7nNlpEcVlVUnCnM2KSX4XU5HmpodOA==}
    engines: {node: '>= 0.4'}
    dependencies:
      call-bind: 1.0.5
      define-properties: 1.2.1
      es-abstract: 1.22.3
      es-shim-unscopables: 1.0.2
      get-intrinsic: 1.2.2
    dev: true

  /array.prototype.flat@1.3.2:
    resolution: {integrity: sha512-djYB+Zx2vLewY8RWlNCUdHjDXs2XOgm602S9E7P/UpHgfeHL00cRiIF+IN/G/aUJ7kGPb6yO/ErDI5V2s8iycA==}
    engines: {node: '>= 0.4'}
    dependencies:
      call-bind: 1.0.5
      define-properties: 1.2.1
      es-abstract: 1.22.3
      es-shim-unscopables: 1.0.2
    dev: true

  /array.prototype.flatmap@1.3.2:
    resolution: {integrity: sha512-Ewyx0c9PmpcsByhSW4r+9zDU7sGjFc86qf/kKtuSCRdhfbk0SNLLkaT5qvcHnRGgc5NP/ly/y+qkXkqONX54CQ==}
    engines: {node: '>= 0.4'}
    dependencies:
      call-bind: 1.0.5
      define-properties: 1.2.1
      es-abstract: 1.22.3
      es-shim-unscopables: 1.0.2
    dev: true

  /array.prototype.tosorted@1.1.2:
    resolution: {integrity: sha512-HuQCHOlk1Weat5jzStICBCd83NxiIMwqDg/dHEsoefabn/hJRj5pVdWcPUSpRrwhwxZOsQassMpgN/xRYFBMIg==}
    dependencies:
      call-bind: 1.0.5
      define-properties: 1.2.1
      es-abstract: 1.22.3
      es-shim-unscopables: 1.0.2
      get-intrinsic: 1.2.2
    dev: true

  /arraybuffer.prototype.slice@1.0.2:
    resolution: {integrity: sha512-yMBKppFur/fbHu9/6USUe03bZ4knMYiwFBcyiaXB8Go0qNehwX6inYPzK9U0NeQvGxKthcmHcaR8P5MStSRBAw==}
    engines: {node: '>= 0.4'}
    dependencies:
      array-buffer-byte-length: 1.0.0
      call-bind: 1.0.5
      define-properties: 1.2.1
      es-abstract: 1.22.3
      get-intrinsic: 1.2.2
      is-array-buffer: 3.0.2
      is-shared-array-buffer: 1.0.2
    dev: true

  /asn1js@3.0.5:
    resolution: {integrity: sha512-FVnvrKJwpt9LP2lAMl8qZswRNm3T4q9CON+bxldk2iwk3FFpuwhx2FfinyitizWHsVYyaY+y5JzDR0rCMV5yTQ==}
    engines: {node: '>=12.0.0'}
    dependencies:
      pvtsutils: 1.3.5
      pvutils: 1.1.3
      tslib: 2.6.2
    dev: false

  /ast-types-flow@0.0.8:
    resolution: {integrity: sha512-OH/2E5Fg20h2aPrbe+QL8JZQFko0YZaF+j4mnQ7BGhfavO7OpSLa8a0y9sBwomHdSbkhTS8TQNayBfnW5DwbvQ==}
    dev: true

  /asynciterator.prototype@1.0.0:
    resolution: {integrity: sha512-wwHYEIS0Q80f5mosx3L/dfG5t5rjEa9Ft51GTaNt862EnpyGHpgz2RkZvLPp1oF5TnAiTohkEKVEu8pQPJI7Vg==}
    dependencies:
      has-symbols: 1.0.3
    dev: true

  /asynckit@0.4.0:
    resolution: {integrity: sha512-Oei9OH4tRh0YqU3GxhX79dM/mwVgvbZJaSNaRk+bshkj0S5cfHcgYakreBjrHwatXKbz+IoIdYLxrKim2MjW0Q==}
    dev: false

  /autoprefixer@10.4.16(postcss@8.4.31):
    resolution: {integrity: sha512-7vd3UC6xKp0HLfua5IjZlcXvGAGy7cBAXTg2lyQ/8WpNhd6SiZ8Be+xm3FyBSYJx5GKcpRCzBh7RH4/0dnY+uQ==}
    engines: {node: ^10 || ^12 || >=14}
    hasBin: true
    peerDependencies:
      postcss: ^8.1.0
    dependencies:
      browserslist: 4.22.1
      caniuse-lite: 1.0.30001561
      fraction.js: 4.3.7
      normalize-range: 0.1.2
      picocolors: 1.0.0
      postcss: 8.4.31
      postcss-value-parser: 4.2.0
    dev: true

  /available-typed-arrays@1.0.5:
    resolution: {integrity: sha512-DMD0KiN46eipeziST1LPP/STfDU0sufISXmjSgvVsoU2tqxctQeASejWcfNtxYKqETM1UxQ8sp2OrSBWpHY6sw==}
    engines: {node: '>= 0.4'}
    dev: true

  /axe-core@4.7.0:
    resolution: {integrity: sha512-M0JtH+hlOL5pLQwHOLNYZaXuhqmvS8oExsqB1SBYgA4Dk7u/xx+YdGHXaK5pyUfed5mYXdlYiphWq3G8cRi5JQ==}
    engines: {node: '>=4'}
    dev: true

  /axobject-query@3.2.1:
    resolution: {integrity: sha512-jsyHu61e6N4Vbz/v18DHwWYKK0bSWLqn47eeDSKPB7m8tqMHF9YJ+mhIk2lVteyZrY8tnSj/jHOv4YiTCuCJgg==}
    dependencies:
      dequal: 2.0.3

  /bail@2.0.2:
    resolution: {integrity: sha512-0xO6mYd7JB2YesxDKplafRpsiOzPt9V02ddPCLbY1xYGPOX24NTyN50qnUxgCPcSoYMhKpAuBTjQoRZCAkUDRw==}
    dev: false

  /balanced-match@1.0.2:
    resolution: {integrity: sha512-3oSeUO0TMV67hN1AmbXsK4yaqU7tjiHlbxRDZOpH0KW9+CeX4bRAaX0Anxt0tx2MrpRpWwQaPwIlISEJhYU5Pw==}
    dev: true

  /base-64@0.1.0:
    resolution: {integrity: sha512-Y5gU45svrR5tI2Vt/X9GPd3L0HNIKzGu202EjxrXMpuc2V2CiKgemAbUUsqYmZJvPtCXoUKjNZwBJzsNScUbXA==}
    dev: false

  /bcp-47-match@2.0.3:
    resolution: {integrity: sha512-JtTezzbAibu8G0R9op9zb3vcWZd9JF6M0xOYGPn0fNCd7wOpRB1mU2mH9T8gaBGbAAyIIVgB2G7xG0GP98zMAQ==}
    dev: false

  /binary-extensions@2.2.0:
    resolution: {integrity: sha512-jDctJ/IVQbZoJykoeHbhXpOlNBqGNcwXJKJog42E5HDPUwQTSdjCHdihjj0DlnheQ7blbT6dHOafNAiS8ooQKA==}
    engines: {node: '>=8'}
    dev: true

  /boolbase@1.0.0:
    resolution: {integrity: sha512-JZOSA7Mo9sNGB8+UjSgzdLtokWAky1zbztM3WRLCbZ70/3cTANmQmOdR7y2g+J0e2WXywy1yS468tY+IruqEww==}
    dev: false

  /brace-expansion@1.1.11:
    resolution: {integrity: sha512-iCuPHDFgrHX7H2vEI/5xpz07zSHB00TpugqhmYtVmMO6518mCuRMoOYFldEBl0g187ufozdaHgWKcYFb61qGiA==}
    dependencies:
      balanced-match: 1.0.2
      concat-map: 0.0.1
    dev: true

  /braces@3.0.2:
    resolution: {integrity: sha512-b8um+L1RzM3WDSzvhm6gIz1yfTbBt6YTlcEKAvsmqCZZFw46z626lVj9j1yEPW33H5H+lBQpZMP1k8l+78Ha0A==}
    engines: {node: '>=8'}
    dependencies:
      fill-range: 7.0.1
    dev: true

  /browserslist@4.22.1:
    resolution: {integrity: sha512-FEVc202+2iuClEhZhrWy6ZiAcRLvNMyYcxZ8raemul1DYVOVdFsbqckWLdsixQZCpJlwe77Z3UTalE7jsjnKfQ==}
    engines: {node: ^6 || ^7 || ^8 || ^9 || ^10 || ^11 || ^12 || >=13.7}
    hasBin: true
    dependencies:
      caniuse-lite: 1.0.30001561
      electron-to-chromium: 1.4.581