
lockfileVersion: '6.0'

settings:
  autoInstallPeers: true
  excludeLinksFromLockfile: false

dependencies:
  '@clerk/nextjs':
    specifier: ^4.27.1
    version: 4.27.1(next@14.0.2)(react-dom@18.2.0)(react@18.2.0)
  '@uiw/react-markdown-preview':
    specifier: ^4.2.2
    version: 4.2.2(@types/react@18.2.37)(react-dom@18.2.0)(react@18.2.0)
  ai:
    specifier: ^2.2.23
    version: 2.2.23(react@18.2.0)(solid-js@1.8.5)(svelte@4.2.3)(vue@3.3.8)
  classnames:
    specifier: ^2.3.2
    version: 2.3.2
  mongodb:
    specifier: ^6.2.0
    version: 6.2.0
  mongoose:
    specifier: ^8.0.1
    version: 8.0.1
  next:
    specifier: 14.0.2
    version: 14.0.2(react-dom@18.2.0)(react@18.2.0)
  next-auth:
    specifier: ^4.24.5
    version: 4.24.5(next@14.0.2)(react-dom@18.2.0)(react@18.2.0)
  openai:
    specifier: ^4.18.0
    version: 4.18.0
  react:
    specifier: ^18
    version: 18.2.0
  react-dom:
    specifier: ^18
    version: 18.2.0(react@18.2.0)
  react-icons:
    specifier: ^4.11.0
    version: 4.11.0(react@18.2.0)
  react-markdown:
    specifier: ^9.0.0
    version: 9.0.0(@types/react@18.2.37)(react@18.2.0)
  react-syntax-highlighter:
    specifier: ^15.5.0
    version: 15.5.0(react@18.2.0)
  react-typed:
    specifier: ^1.2.0
    version: 1.2.0(react-dom@18.2.0)(react@18.2.0)
  rehype-highlight:
    specifier: ^7.0.0
    version: 7.0.0
  remark-gfm:
    specifier: ^4.0.0
    version: 4.0.0
  sonner:
    specifier: ^1.2.0
    version: 1.2.0(react-dom@18.2.0)(react@18.2.0)
  uuid:
    specifier: ^9.0.1
    version: 9.0.1

devDependencies:
  '@tailwindcss/typography':
    specifier: ^0.5.10
    version: 0.5.10(tailwindcss@3.3.5)
  '@types/node':
    specifier: ^20
    version: 20.9.0
  '@types/react':
    specifier: ^18
    version: 18.2.37
  '@types/react-dom':
    specifier: ^18
    version: 18.2.15
  autoprefixer:
    specifier: ^10.0.1
    version: 10.4.16(postcss@8.4.31)
  eslint:
    specifier: ^8
    version: 8.53.0
  eslint-config-next:
    specifier: 14.0.2
    version: 14.0.2(eslint@8.53.0)(typescript@5.2.2)
  postcss:
    specifier: ^8
    version: 8.4.31
  tailwindcss:
    specifier: ^3.3.0
    version: 3.3.5
  typescript:
    specifier: ^5
    version: 5.2.2

packages:

  /@aashutoshrathi/word-wrap@1.2.6:
    resolution: {integrity: sha512-1Yjs2SvM8TflER/OD3cOjhWWOZb58A2t7wpE2S9XfBYTiIl+XFhQG2bjy4Pu1I+EAlCNUzRDYDdFwFYUKvXcIA==}
    engines: {node: '>=0.10.0'}
    dev: true

  /@alloc/quick-lru@5.2.0:
    resolution: {integrity: sha512-UrcABB+4bUrFABwbluTIBErXwvbsU/V7TZWfmbgJfbkwiBuziS9gxdODUyuiecfdGQ85jglMW6juS3+z5TsKLw==}
    engines: {node: '>=10'}
    dev: true

  /@ampproject/remapping@2.2.1:
    resolution: {integrity: sha512-lFMjJTrFL3j7L9yBxwYfCq2k6qqwHyzuUl/XBnif78PWTJYyL/dfowQHWE3sp6U6ZzqWiiIZnpTMO96zhkjwtg==}
    engines: {node: '>=6.0.0'}
    dependencies:
      '@jridgewell/gen-mapping': 0.3.3
      '@jridgewell/trace-mapping': 0.3.20
    dev: false

  /@babel/helper-string-parser@7.22.5:
    resolution: {integrity: sha512-mM4COjgZox8U+JcXQwPijIZLElkgEpO5rsERVDJTc2qfCDfERyob6k5WegS14SX18IIjv+XD+GrqNumY5JRCDw==}
    engines: {node: '>=6.9.0'}
    dev: false

  /@babel/helper-validator-identifier@7.22.20:
    resolution: {integrity: sha512-Y4OZ+ytlatR8AI+8KZfKuL5urKp7qey08ha31L8b3BwewJAoJamTzyvxPR/5D+KkdJCGPq/+8TukHBlY10FX9A==}
    engines: {node: '>=6.9.0'}
    dev: false

  /@babel/parser@7.23.3:
    resolution: {integrity: sha512-uVsWNvlVsIninV2prNz/3lHCb+5CJ+e+IUBfbjToAHODtfGYLfCFuY4AU7TskI+dAKk+njsPiBjq1gKTvZOBaw==}
    engines: {node: '>=6.0.0'}
    hasBin: true
    dependencies:
      '@babel/types': 7.23.3
    dev: false

  /@babel/runtime@7.23.2:
    resolution: {integrity: sha512-mM8eg4yl5D6i3lu2QKPuPH4FArvJ8KhTofbE7jwMUv9KX5mBvwPAqnV3MlyBNqdp9RyRKP6Yck8TrfYrPvX3bg==}
    engines: {node: '>=6.9.0'}
    dependencies:
      regenerator-runtime: 0.14.0

  /@babel/types@7.23.3:
    resolution: {integrity: sha512-OZnvoH2l8PK5eUvEcUyCt/sXgr/h+UWpVuBbOljwcrAgUl6lpchoQ++PHGyQy1AtYnVA6CEq3y5xeEI10brpXw==}
    engines: {node: '>=6.9.0'}
    dependencies:
      '@babel/helper-string-parser': 7.22.5
      '@babel/helper-validator-identifier': 7.22.20
      to-fast-properties: 2.0.0
    dev: false

  /@clerk/backend@0.34.1(react@18.2.0):
    resolution: {integrity: sha512-I6u7vb7XHA0kNek5Ez4VVqBDZKxLepR6wJXlYUy5lGwsTdaQiFwy5Q0nKP2GdQQYtlKpXSAryLu19Cq5zaaNYg==}
    engines: {node: '>=14'}
    dependencies:
      '@clerk/shared': 1.1.0(react@18.2.0)
      '@clerk/types': 3.58.0
      '@peculiar/webcrypto': 1.4.1
      '@types/node': 16.18.6
      cookie: 0.5.0
      deepmerge: 4.2.2
      node-fetch-native: 1.0.1
      snakecase-keys: 5.4.4
      tslib: 2.4.1
    transitivePeerDependencies:
      - react
    dev: false

  /@clerk/clerk-react@4.28.0(react@18.2.0):
    resolution: {integrity: sha512-zMFdiqqXkwAks1xmheUrAS6GODDdlpsCHA3VEnNVlSL0XH3bE4jWNr7lr0SJMmcaEsmZE/JQ+uNPJ4qEvEDGjA==}
    engines: {node: '>=14'}
    peerDependencies:
      react: '>=16'
    dependencies:
      '@clerk/shared': 1.1.0(react@18.2.0)
      '@clerk/types': 3.58.0
      react: 18.2.0
      tslib: 2.4.1
    dev: false

  /@clerk/clerk-sdk-node@4.12.21(react@18.2.0):
    resolution: {integrity: sha512-43MdviLlAG3naNzRyxF/Io8YYQBnFEIQiqYFVHzKzZGEsbPST9lBfeFxJZKrCqSE8K7gMx3+3D87bveXq6a7cA==}
    engines: {node: '>=14'}
    dependencies:
      '@clerk/backend': 0.34.1(react@18.2.0)
      '@clerk/shared': 1.1.0(react@18.2.0)
      '@clerk/types': 3.58.0
      '@types/cookies': 0.7.7
      '@types/express': 4.17.14
      '@types/node-fetch': 2.6.2
      camelcase-keys: 6.2.2
      snakecase-keys: 3.2.1
      tslib: 2.4.1
    transitivePeerDependencies:
      - react
    dev: false

  /@clerk/nextjs@4.27.1(next@14.0.2)(react-dom@18.2.0)(react@18.2.0):
    resolution: {integrity: sha512-FsAwVqCNNOjTC3w9mHjc/T4uP/JzGni0WTXANNXjC4sfh2kDfBzUMLRPNfcgAou5TOsMqYJdRxQ5sx4eCGQIOA==}
    engines: {node: '>=14'}
    peerDependencies:
      next: '>=10'
      react: ^17.0.2 || ^18.0.0-0
      react-dom: ^17.0.2 || ^18.0.0-0
    dependencies:
      '@clerk/backend': 0.34.1(react@18.2.0)
      '@clerk/clerk-react': 4.28.0(react@18.2.0)
      '@clerk/clerk-sdk-node': 4.12.21(react@18.2.0)
      '@clerk/shared': 1.1.0(react@18.2.0)
      '@clerk/types': 3.58.0
      next: 14.0.2(react-dom@18.2.0)(react@18.2.0)
      path-to-regexp: 6.2.1
      react: 18.2.0
      react-dom: 18.2.0(react@18.2.0)
      tslib: 2.4.1
    dev: false

  /@clerk/shared@1.1.0(react@18.2.0):
    resolution: {integrity: sha512-rxQ6bxAERZsf/dzCU35qt3gRp9+a035Vrre8j8tyT60dbP8PQhXUbeNu+oVqqjpHWeyoWWt6fZGLXbDTXdXx7g==}
    peerDependencies:
      react: '>=16'
    peerDependenciesMeta:
      react:
        optional: true
    dependencies:
      glob-to-regexp: 0.4.1
      js-cookie: 3.0.1
      react: 18.2.0
      swr: 2.2.0(react@18.2.0)
    dev: false

  /@clerk/types@3.58.0:
    resolution: {integrity: sha512-fIsvEM3nYQwViOuYxNVcwEl0WkXW6AdYpSghNBKfOge1kriSSHP++T5rRMJBXy6asl2AEydVlUBKx9drAzqKoA==}
    engines: {node: '>=14'}
    dependencies:
      csstype: 3.1.1
    dev: false

  /@eslint-community/eslint-utils@4.4.0(eslint@8.53.0):
    resolution: {integrity: sha512-1/sA4dwrzBAyeUoQ6oxahHKmrZvsnLCg4RfxW3ZFGGmQkSNQPFNLV9CUEFQP1x9EYXHTo5p6xdhZM1Ne9p/AfA==}
    engines: {node: ^12.22.0 || ^14.17.0 || >=16.0.0}
    peerDependencies:
      eslint: ^6.0.0 || ^7.0.0 || >=8.0.0
    dependencies:
      eslint: 8.53.0
      eslint-visitor-keys: 3.4.3
    dev: true

  /@eslint-community/regexpp@4.10.0:
    resolution: {integrity: sha512-Cu96Sd2By9mCNTx2iyKOmq10v22jUVQv0lQnlGNy16oE9589yE+QADPbrMGCkA51cKZSg3Pu/aTJVTGfL/qjUA==}
    engines: {node: ^12.0.0 || ^14.0.0 || >=16.0.0}
    dev: true
